{
  "name": "my-torrent",
  "version": "1.0.0",
  "lockfileVersion": 1,
  "requires": true,
  "dependencies": {
    "@types/bencode": {
      "version": "2.0.0",
      "resolved": "https://registry.npmjs.org/@types/bencode/-/bencode-2.0.0.tgz",
      "integrity": "sha512-ntDggX576d+MULpy9ApOy3OI9GqO86H+T9zEwYk3fdVaLi85M/1l+GVR/UWfITg9czcOO2SxZJyzyTOrI8UsFA==",
      "dev": true,
      "requires": {
        "@types/node": "*"
      }
    },
    "@types/bignum": {
      "version": "0.0.29",
      "resolved": "https://registry.npmjs.org/@types/bignum/-/bignum-0.0.29.tgz",
      "integrity": "sha1-g6RxXFYgKMFJj4w2L1vePlYZRZo=",
      "dev": true,
      "requires": {
        "@types/node": "*"
      }
    },
    "@types/node": {
      "version": "13.13.5",
      "resolved": "https://registry.npmjs.org/@types/node/-/node-13.13.5.tgz",
      "integrity": "sha512-3ySmiBYJPqgjiHA7oEaIo2Rzz0HrOZ7yrNO5HWyaE5q0lQ3BppDZ3N53Miz8bw2I7gh1/zir2MGVZBvpb1zq9g==",
      "dev": true
    },
    "bencode": {
      "version": "0.9.0",
      "resolved": "https://registry.npmjs.org/bencode/-/bencode-0.9.0.tgz",
      "integrity": "sha1-a9Jj6Oe1NiIS4FQcLb91szBZK/4="
    },
    "bignum": {
      "version": "0.13.1",
      "resolved": "https://registry.npmjs.org/bignum/-/bignum-0.13.1.tgz",
      "integrity": "sha512-sPtvw/knt6nmBm4fPgsu+FtNypM5y2Org723h9fAOl7UDgc8nyIbVbcBCatVR/nOJWCsKctSE14u+3bW5sAkFA==",
      "requires": {
        "bindings": "^1.5.0",
        "nan": "^2.14.0",
        "safe-buffer": "^5.2.0"
      }
    },
    "bindings": {
      "version": "1.5.0",
      "resolved": "https://registry.npmjs.org/bindings/-/bindings-1.5.0.tgz",
      "integrity": "sha512-p2q/t/mhvuOj/UeLlV6566GD/guowlr0hHxClI0W9m7MWYkL1F0hLo+0Aexs9HSPCtR1SXQ0TD3MMKrXZajbiQ==",
      "requires": {
        "file-uri-to-path": "1.0.0"
      }
    },
    "file-uri-to-path": {
      "version": "1.0.0",
      "resolved": "https://registry.npmjs.org/file-uri-to-path/-/file-uri-to-path-1.0.0.tgz",
      "integrity": "sha512-0Zt+s3L7Vf1biwWZ29aARiVYLx7iMGnEUl9x33fbB/j3jR81u/O2LbqK+Bm1CDSNDKVtJ/YjwY7TUd5SkeLQLw=="
    },
    "nan": {
      "version": "2.14.1",
      "resolved": "https://registry.npmjs.org/nan/-/nan-2.14.1.tgz",
      "integrity": "sha512-isWHgVjnFjh2x2yuJ/tj3JbwoHu3UC2dX5G/88Cm24yB6YopVgxvBObDY7n5xW6ExmFhJpSEQqFPvq9zaXc8Jw=="
    },
    "safe-buffer": {
      "version": "5.2.0",
      "resolved": "https://registry.npmjs.org/safe-buffer/-/safe-buffer-5.2.0.tgz",
      "integrity": "sha512-fZEwUGbVl7kouZs1jCdMLdt95hdIv0ZeHg6L7qPeciMZhZ+/gdesW4wgTARkrFWEpspjEATAzUGPG8N2jJiwbg=="
    },
    "typescript": {
      "version": "3.8.3",
      "resolved": "https://registry.npmjs.org/typescript/-/typescript-3.8.3.tgz",
      "integrity": "sha512-MYlEfn5VrLNsgudQTVJeNaQFUAI7DkhnOjdpAp4T+ku1TfQClewlbSuTVHiA+8skNBgaf02TL/kLOvig4y3G8w==",
      "dev": true
    }
  }
}
